Microsoft Visual Studio Solution File, Format Version 12.00
# Visual Studio Version 17
VisualStudioVersion = 17.5.2.0
MinimumVisualStudioVersion = 10.0.40219.1
Project("{FAE04EC0-301F-11D3-BF4B-00C04F79EFBC}") = "LeopardApp", "LeopardApp.csproj", "{3579B1F5-449B-6B58-95A5-96B4E03E2BF8}"
EndProject
Global
	GlobalSection(SolutionConfigurationPlatforms) = preSolution
		Debug|Any CPU = Debug|Any CPU
		Release|Any CPU = Release|Any CPU
	EndGlobalSection
	GlobalSection(ProjectConfigurationPlatforms) = postSolution
		{3579B1F5-449B-6B58-95A5-96B4E03E2BF8}.Debug|Any CPU.ActiveCfg = Debug|Any CPU
		{3579B1F5-449B-6B58-95A5-96B4E03E2BF8}.Debug|Any CPU.Build.0 = Debug|Any CPU
		{3579B1F5-449B-6B58-95A5-96B4E03E2BF8}.Release|Any CPU.ActiveCfg = Release|Any CPU
		{3579B1F5-449B-6B58-95A5-96B4E03E2BF8}.Release|Any CPU.Build.0 = Release|Any CPU
	EndGlobalSection
	GlobalSection(SolutionProperties) = preSolution
		HideSolutionNode = FALSE
	EndGlobalSection
	GlobalSection(ExtensibilityGlobals) = postSolution
		SolutionGuid = {F2017E53-F917-4D3E-8F86-B6009F4B8A82}
	EndGlobalSection
EndGlobal
